// !$*UTF8*$!
{
	archiveVersion = 1;
	classes = {
	};
	objectVersion = 50;
	objects = {

/* Begin PBXBuildFile section */
		6BAF6B99216F2A0C00D3EBD5 /* AppDelegate.swift in Sources */ = {isa = PBXBuildFile; fileRef = 6BAF6B98216F2A0C00D3EBD5 /* AppDelegate.swift */; };
		6BAF6B9B216F2A0C00D3EBD5 /* ViewController.swift in Sources */ = {isa = PBXBuildFile; fileRef = 6BAF6B9A216F2A0C00D3EBD5 /* ViewController.swift */; };
		6BAF6B9E216F2A0C00D3EBD5 /* Main.storyboard in Resources */ = {isa = PBXBuildFile; fileRef = 6BAF6B9C216F2A0C00D3EBD5 /* Main.storyboard */; };
		6BAF6BA0216F2A0E00D3EBD5 /* Assets.xcassets in Resources */ = {isa = PBXBuildFile; fileRef = 6BAF6B9F216F2A0E00D3EBD5 /* Assets.xcassets */; };
		6BAF6BA3216F2A0E00D3EBD5 /* LaunchScreen.storyboard in Resources */ = {isa = PBXBuildFile; fileRef = 6BAF6BA1216F2A0E00D3EBD5 /* LaunchScreen.storyboard */; };
		6BAF6BB0216F2AE200D3EBD5 /* Interface.storyboard in Resources */ = {isa = PBXBuildFile; fileRef = 6BAF6BAE216F2AE200D3EBD5 /* Interface.storyboard */; };
		6BAF6BB2216F2AE300D3EBD5 /* Assets.xcassets in Resources */ = {isa = PBXBuildFile; fileRef = 6BAF6BB1216F2AE300D3EBD5 /* Assets.xcassets */; };
		6BAF6BB9216F2AE300D3EBD5 /* Meets Extension.appex in Embed App Extensions */ = {isa = PBXBuildFile; fileRef = 6BAF6BB8216F2AE300D3EBD5 /* Meets Extension.appex */; settings = {ATTRIBUTES = (RemoveHeadersOnCopy, ); }; };
		6BAF6BC0216F2AE300D3EBD5 /* ExtensionDelegate.swift in Sources */ = {isa = PBXBuildFile; fileRef = 6BAF6BBF216F2AE300D3EBD5 /* ExtensionDelegate.swift */; };
		6BAF6BC2216F2AE400D3EBD5 /* Assets.xcassets in Resources */ = {isa = PBXBuildFile; fileRef = 6BAF6BC1216F2AE400D3EBD5 /* Assets.xcassets */; };
		6BAF6BC6216F2AE400D3EBD5 /* Meets.app in Embed Watch Content */ = {isa = PBXBuildFile; fileRef = 6BAF6BAC216F2AE200D3EBD5 /* Meets.app */; };
		6BAF6BD0216F2FA500D3EBD5 /* MeetsRowController.swift in Sources */ = {isa = PBXBuildFile; fileRef = 6BAF6BCF216F2FA500D3EBD5 /* MeetsRowController.swift */; };
		6BAF6BD2216F374100D3EBD5 /* Meets.swift in Sources */ = {isa = PBXBuildFile; fileRef = 6BAF6BD1216F374100D3EBD5 /* Meets.swift */; };
		6BAF6BD4216F663D00D3EBD5 /* MeetDetailsInterfaceController.swift in Sources */ = {isa = PBXBuildFile; fileRef = 6BAF6BD3216F663D00D3EBD5 /* MeetDetailsInterfaceController.swift */; };
		6BAF6BD6216F665F00D3EBD5 /* MeetInterfaceController.swift in Sources */ = {isa = PBXBuildFile; fileRef = 6BAF6BD5216F665F00D3EBD5 /* MeetInterfaceController.swift */; };
		6BAF6BDD216F7C1700D3EBD5 /* MeetOptionsInterfaceController.swift in Sources */ = {isa = PBXBuildFile; fileRef = 6BAF6BDC216F7C1700D3EBD5 /* MeetOptionsInterfaceController.swift */; };
		6BAF6BDF216F8A6900D3EBD5 /* Assets.xcassets in Resources */ = {isa = PBXBuildFile; fileRef = 6BAF6BC1216F2AE400D3EBD5 /* Assets.xcassets */; };
		6BAF6BE1216F973800D3EBD5 /* Date+Extension.swift in Sources */ = {isa = PBXBuildFile; fileRef = 6BAF6BE0216F973800D3EBD5 /* Date+Extension.swift */; };
		6BAF6BE5217028DA00D3EBD5 /* Constant.swift in Sources */ = {isa = PBXBuildFile; fileRef = 6BAF6BE4217028DA00D3EBD5 /* Constant.swift */; };
/* End PBXBuildFile section */

/* Begin PBXContainerItemProxy section */
		6BAF6BBA216F2AE300D3EBD5 /* PBXContainerItemProxy */ = {
			isa = PBXContainerItemProxy;
			containerPortal = 6BAF6B8D216F2A0C00D3EBD5 /* Project object */;
			proxyType = 1;
			remoteGlobalIDString = 6BAF6BB7216F2AE300D3EBD5;
			remoteInfo = "Meets Extension";
		};
		6BAF6BC4216F2AE400D3EBD5 /* PBXContainerItemProxy */ = {
			isa = PBXContainerItemProxy;
			containerPortal = 6BAF6B8D216F2A0C00D3EBD5 /* Project object */;
			proxyType = 1;
			remoteGlobalIDString = 6BAF6BAB216F2AE200D3EBD5;
			remoteInfo = Meets;
		};
/* End PBXContainerItemProxy section */

/* Begin PBXCopyFilesBuildPhase section */
		6BAF6BCA216F2AE400D3EBD5 /* Embed App Extensions */ = {
			isa = PBXCopyFilesBuildPhase;
			buildActionMask = 2147483647;
			dstPath = "";
			dstSubfolderSpec = 13;
			files = (
				6BAF6BB9216F2AE300D3EBD5 /* Meets Extension.appex in Embed App Extensions */,
			);
			name = "Embed App Extensions";
			runOnlyForDeploymentPostprocessing = 0;
		};
		6BAF6BCE216F2AE400D3EBD5 /* Embed Watch Content */ = {
			isa = PBXCopyFilesBuildPhase;
			buildActionMask = 2147483647;
			dstPath = "$(CONTENTS_FOLDER_PATH)/Watch";
			dstSubfolderSpec = 16;
			files = (
				6BAF6BC6216F2AE400D3EBD5 /* Meets.app in Embed Watch Content */,
			);
			name = "Embed Watch Content";
			runOnlyForDeploymentPostprocessing = 0;
		};
/* End PBXCopyFilesBuildPhase section */

/* Begin PBXFileReference section */
		6BAF6B95216F2A0C00D3EBD5 /* Everyday.app */ = {isa = PBXFileReference; explicitFileType = wrapper.application; includeInIndex = 0; path = Everyday.app; sourceTree = BUILT_PRODUCTS_DIR; };
		6BAF6B98216F2A0C00D3EBD5 /* AppDelegate.swift */ = {isa = PBXFileReference; lastKnownFileType = sourcecode.swift; path = AppDelegate.swift; sourceTree = "<group>"; };
		6BAF6B9A216F2A0C00D3EBD5 /* ViewController.swift */ = {isa = PBXFileReference; lastKnownFileType = sourcecode.swift; path = ViewController.swift; sourceTree = "<group>"; };
		6BAF6B9D216F2A0C00D3EBD5 /* Base */ = {isa = PBXFileReference; lastKnownFileType = file.storyboard; name = Base; path = Base.lproj/Main.storyboard; sourceTree = "<group>"; };
		6BAF6B9F216F2A0E00D3EBD5 /* Assets.xcassets */ = {isa = PBXFileReference; lastKnownFileType = folder.assetcatalog; path = Assets.xcassets; sourceTree = "<group>"; };
		6BAF6BA2216F2A0E00D3EBD5 /* Base */ = {isa = PBXFileReference; lastKnownFileType = file.storyboard; name = Base; path = Base.lproj/LaunchScreen.storyboard; sourceTree = "<group>"; };
		6BAF6BA4216F2A0E00D3EBD5 /* Info.plist */ = {isa = PBXFileReference; lastKnownFileType = text.plist.xml; path = Info.plist; sourceTree = "<group>"; };
		6BAF6BAC216F2AE200D3EBD5 /* Meets.app */ = {isa = PBXFileReference; explicitFileType = wrapper.application; includeInIndex = 0; path = Meets.app; sourceTree = BUILT_PRODUCTS_DIR; };
		6BAF6BAF216F2AE200D3EBD5 /* Base */ = {isa = PBXFileReference; lastKnownFileType = file.storyboard; name = Base; path = Base.lproj/Interface.storyboard; sourceTree = "<group>"; };
		6BAF6BB1216F2AE300D3EBD5 /* Assets.xcassets */ = {isa = PBXFileReference; lastKnownFileType = folder.assetcatalog; path = Assets.xcassets; sourceTree = "<group>"; };
		6BAF6BB3216F2AE300D3EBD5 /* Info.plist */ = {isa = PBXFileReference; lastKnownFileType = text.plist.xml; path = Info.plist; sourceTree = "<group>"; };
		6BAF6BB8216F2AE300D3EBD5 /* Meets Extension.appex */ = {isa = PBXFileReference; explicitFileType = "wrapper.app-extension"; includeInIndex = 0; path = "Meets Extension.appex"; sourceTree = BUILT_PRODUCTS_DIR; };
		6BAF6BBF216F2AE300D3EBD5 /* ExtensionDelegate.swift */ = {isa = PBXFileReference; lastKnownFileType = sourcecode.swift; path = ExtensionDelegate.swift; sourceTree = "<group>"; };
		6BAF6BC1216F2AE400D3EBD5 /* Assets.xcassets */ = {isa = PBXFileReference; lastKnownFileType = folder.assetcatalog; path = Assets.xcassets; sourceTree = "<group>"; };
		6BAF6BC3216F2AE400D3EBD5 /* Info.plist */ = {isa = PBXFileReference; lastKnownFileType = text.plist.xml; path = Info.plist; sourceTree = "<group>"; };
		6BAF6BCF216F2FA500D3EBD5 /* MeetsRowController.swift */ = {isa = PBXFileReference; lastKnownFileType = sourcecode.swift; path = MeetsRowController.swift; sourceTree = "<group>"; };
		6BAF6BD1216F374100D3EBD5 /* Meets.swift */ = {isa = PBXFileReference; lastKnownFileType = sourcecode.swift; path = Meets.swift; sourceTree = "<group>"; };
		6BAF6BD3216F663D00D3EBD5 /* MeetDetailsInterfaceController.swift */ = {isa = PBXFileReference; lastKnownFileType = sourcecode.swift; path = MeetDetailsInterfaceController.swift; sourceTree = "<group>"; };
		6BAF6BD5216F665F00D3EBD5 /* MeetInterfaceController.swift */ = {isa = PBXFileReference; fileEncoding = 4; lastKnownFileType = sourcecode.swift; path = MeetInterfaceController.swift; sourceTree = "<group>"; };
		6BAF6BDC216F7C1700D3EBD5 /* MeetOptionsInterfaceController.swift */ = {isa = PBXFileReference; lastKnownFileType = sourcecode.swift; path = MeetOptionsInterfaceController.swift; sourceTree = "<group>"; };
		6BAF6BE0216F973800D3EBD5 /* Date+Extension.swift */ = {isa = PBXFileReference; lastKnownFileType = sourcecode.swift; path = "Date+Extension.swift"; sourceTree = "<group>"; };
		6BAF6BE4217028DA00D3EBD5 /* Constant.swift */ = {isa = PBXFileReference; lastKnownFileType = sourcecode.swift; path = Constant.swift; sourceTree = "<group>"; };
/* End PBXFileReference section */

/* Begin PBXFrameworksBuildPhase section */
		6BAF6B92216F2A0C00D3EBD5 /* Frameworks */ = {
			isa = PBXFrameworksBuildPhase;
			buildActionMask = 2147483647;
			files = (
			);
			runOnlyForDeploymentPostprocessing = 0;
		};
		6BAF6BB5216F2AE300D3EBD5 /* Frameworks */ = {
			isa = PBXFrameworksBuildPhase;
			buildActionMask = 2147483647;
			files = (
			);
			runOnlyForDeploymentPostprocessing = 0;
		};
/* End PBXFrameworksBuildPhase section */

/* Begin PBXGroup section */
		6BAF6B8C216F2A0C00D3EBD5 = {
			isa = PBXGroup;
			children = (
				6BAF6B97216F2A0C00D3EBD5 /* Everyday */,
				6BAF6BAD216F2AE200D3EBD5 /* Meets */,
				6BAF6BBC216F2AE300D3EBD5 /* Meets Extension */,
				6BAF6B96216F2A0C00D3EBD5 /* Products */,
			);
			sourceTree = "<group>";
		};
		6BAF6B96216F2A0C00D3EBD5 /* Products */ = {
			isa = PBXGroup;
			children = (
				6BAF6B95216F2A0C00D3EBD5 /* Everyday.app */,
				6BAF6BAC216F2AE200D3EBD5 /* Meets.app */,
				6BAF6BB8216F2AE300D3EBD5 /* Meets Extension.appex */,
			);
			name = Products;
			sourceTree = "<group>";
		};
		6BAF6B97216F2A0C00D3EBD5 /* Everyday */ = {
			isa = PBXGroup;
			children = (
				6BAF6B98216F2A0C00D3EBD5 /* AppDelegate.swift */,
				6BAF6B9A216F2A0C00D3EBD5 /* ViewController.swift */,
				6BAF6B9C216F2A0C00D3EBD5 /* Main.storyboard */,
				6BAF6B9F216F2A0E00D3EBD5 /* Assets.xcassets */,
				6BAF6BA1216F2A0E00D3EBD5 /* LaunchScreen.storyboard */,
				6BAF6BA4216F2A0E00D3EBD5 /* Info.plist */,
			);
			path = Everyday;
			sourceTree = "<group>";
		};
		6BAF6BAD216F2AE200D3EBD5 /* Meets */ = {
			isa = PBXGroup;
			children = (
				6BAF6BAE216F2AE200D3EBD5 /* Interface.storyboard */,
				6BAF6BB1216F2AE300D3EBD5 /* Assets.xcassets */,
				6BAF6BB3216F2AE300D3EBD5 /* Info.plist */,
			);
			path = Meets;
			sourceTree = "<group>";
		};
		6BAF6BBC216F2AE300D3EBD5 /* Meets Extension */ = {
			isa = PBXGroup;
			children = (
				6BAF6BD8216F70DE00D3EBD5 /* ExtensionDelegate */,
				6BAF6BE3217028BA00D3EBD5 /* Constant */,
				6BAF6BE2216F973B00D3EBD5 /* Extensions */,
				6BAF6BDA216F70FB00D3EBD5 /* Models */,
				6BAF6BD9216F70EA00D3EBD5 /* TableRowController */,
				6BAF6BD7216F70CC00D3EBD5 /* InterfaceControllers */,
				6BAF6BC1216F2AE400D3EBD5 /* Assets.xcassets */,
				6BAF6BC3216F2AE400D3EBD5 /* Info.plist */,
			);
			path = "Meets Extension";
			sourceTree = "<group>";
		};
		6BAF6BD7216F70CC00D3EBD5 /* InterfaceControllers */ = {
			isa = PBXGroup;
			children = (
				6BAF6BDC216F7C1700D3EBD5 /* MeetOptionsInterfaceController.swift */,
				6BAF6BD5216F665F00D3EBD5 /* MeetInterfaceController.swift */,
				6BAF6BD3216F663D00D3EBD5 /* MeetDetailsInterfaceController.swift */,
			);
			path = InterfaceControllers;
			sourceTree = "<group>";
		};
		6BAF6BD8216F70DE00D3EBD5 /* ExtensionDelegate */ = {
			isa = PBXGroup;
			children = (
				6BAF6BBF216F2AE300D3EBD5 /* ExtensionDelegate.swift */,
			);
			path = ExtensionDelegate;
			sourceTree = "<group>";
		};
		6BAF6BD9216F70EA00D3EBD5 /* TableRowController */ = {
			isa = PBXGroup;
			children = (
				6BAF6BCF216F2FA500D3EBD5 /* MeetsRowController.swift */,
			);
			path = TableRowController;
			sourceTree = "<group>";
		};
		6BAF6BDA216F70FB00D3EBD5 /* Models */ = {
			isa = PBXGroup;
			children = (
				6BAF6BD1216F374100D3EBD5 /* Meets.swift */,
			);
			path = Models;
			sourceTree = "<group>";
		};
		6BAF6BE2216F973B00D3EBD5 /* Extensions */ = {
			isa = PBXGroup;
			children = (
				6BAF6BE0216F973800D3EBD5 /* Date+Extension.swift */,
			);
			path = Extensions;
			sourceTree = "<group>";
		};
		6BAF6BE3217028BA00D3EBD5 /* Constant */ = {
			isa = PBXGroup;
			children = (
				6BAF6BE4217028DA00D3EBD5 /* Constant.swift */,
			);
			path = Constant;
			sourceTree = "<group>";
		};
/* End PBXGroup section */

/* Begin PBXNativeTarget section */
		6BAF6B94216F2A0C00D3EBD5 /* Everyday */ = {
			isa = PBXNativeTarget;
			buildConfigurationList = 6BAF6BA7216F2A0E00D3EBD5 /* Build configuration list for PBXNativeTarget "Everyday" */;
			buildPhases = (
				6BAF6B91216F2A0C00D3EBD5 /* Sources */,
				6BAF6B92216F2A0C00D3EBD5 /* Frameworks */,
				6BAF6B93216F2A0C00D3EBD5 /* Resources */,
				6BAF6BCE216F2AE400D3EBD5 /* Embed Watch Content */,
			);
			buildRules = (
			);
			dependencies = (
				6BAF6BC5216F2AE400D3EBD5 /* PBXTargetDependency */,
			);
			name = Everyday;
			productName = Everyday;
			productReference = 6BAF6B95216F2A0C00D3EBD5 /* Everyday.app */;
			productType = "com.apple.product-type.application";
		};
		6BAF6BAB216F2AE200D3EBD5 /* Meets */ = {
			isa = PBXNativeTarget;
			buildConfigurationList = 6BAF6BCB216F2AE400D3EBD5 /* Build configuration list for PBXNativeTarget "Meets" */;
			buildPhases = (
				6BAF6BAA216F2AE200D3EBD5 /* Resources */,
				6BAF6BCA216F2AE400D3EBD5 /* Embed App Extensions */,
			);
			buildRules = (
			);
			dependencies = (
				6BAF6BBB216F2AE300D3EBD5 /* PBXTargetDependency */,
			);
			name = Meets;
			productName = Meets;
			productReference = 6BAF6BAC216F2AE200D3EBD5 /* Meets.app */;
			productType = "com.apple.product-type.application.watchapp2";
		};
		6BAF6BB7216F2AE300D3EBD5 /* Meets Extension */ = {
			isa = PBXNativeTarget;
			buildConfigurationList = 6BAF6BC7216F2AE400D3EBD5 /* Build configuration list for PBXNativeTarget "Meets Extension" */;
			buildPhases = (
				6BAF6BB4216F2AE300D3EBD5 /* Sources */,
				6BAF6BB5216F2AE300D3EBD5 /* Frameworks */,
				6BAF6BB6216F2AE300D3EBD5 /* Resources */,
			);
			buildRules = (
			);
			dependencies = (
			);
			name = "Meets Extension";
			productName = "Meets Extension";
			productReference = 6BAF6BB8216F2AE300D3EBD5 /* Meets Extension.appex */;
			productType = "com.apple.product-type.watchkit2-extension";
		};
/* End PBXNativeTarget section */

/* Begin PBXProject section */
		6BAF6B8D216F2A0C00D3EBD5 /* Project object */ = {
			isa = PBXProject;
			attributes = {
				LastSwiftUpdateCheck = 1000;
				LastUpgradeCheck = 1000;
				ORGANIZATIONNAME = "Hemang Shah";
				TargetAttributes = {
					6BAF6B94216F2A0C00D3EBD5 = {
						CreatedOnToolsVersion = 10.0;
					};
					6BAF6BAB216F2AE200D3EBD5 = {
						CreatedOnToolsVersion = 10.0;
					};
					6BAF6BB7216F2AE300D3EBD5 = {
						CreatedOnToolsVersion = 10.0;
					};
				};
			};
			buildConfigurationList = 6BAF6B90216F2A0C00D3EBD5 /* Build configuration list for PBXProject "Everyday" */;
			compatibilityVersion = "Xcode 9.3";
			developmentRegion = en;
			hasScannedForEncodings = 0;
			knownRegions = (
				en,
				Base,
			);
			mainGroup = 6BAF6B8C216F2A0C00D3EBD5;
			productRefGroup = 6BAF6B96216F2A0C00D3EBD5 /* Products */;
			projectDirPath = "";
			projectRoot = "";
			targets = (
				6BAF6B94216F2A0C00D3EBD5 /* Everyday */,
				6BAF6BAB216F2AE200D3EBD5 /* Meets */,
				6BAF6BB7216F2AE300D3EBD5 /* Meets Extension */,
			);
		};
/* End PBXProject section */

/* Begin PBXResourcesBuildPhase section */
		6BAF6B93216F2A0C00D3EBD5 /* Resources */ = {
			isa = PBXResourcesBuildPhase;
			buildActionMask = 2147483647;
			files = (
				6BAF6BA3216F2A0E00D3EBD5 /* LaunchScreen.storyboard in Resources */,
				6BAF6BA0216F2A0E00D3EBD5 /* Assets.xcassets in Resources */,
				6BAF6B9E216F2A0C00D3EBD5 /* Main.storyboard in Resources */,
			);
			runOnlyForDeploymentPostprocessing = 0;
		};
		6BAF6BAA216F2AE200D3EBD5 /* Resources */ = {
			isa = PBXResourcesBuildPhase;
			buildActionMask = 2147483647;
			files = (
				6BAF6BB2216F2AE300D3EBD5 /* Assets.xcassets in Resources */,
				6BAF6BDF216F8A6900D3EBD5 /* Assets.xcassets in Resources */,
				6BAF6BB0216F2AE200D3EBD5 /* Interface.storyboard in Resources */,
			);
			runOnlyForDeploymentPostprocessing = 0;
		};
		6BAF6BB6216F2AE300D3EBD5 /* Resources */ = {
			isa = PBXResourcesBuildPhase;
			buildActionMask = 2147483647;
			files = (
				6BAF6BC2216F2AE400D3EBD5 /* Assets.xcassets in Resources */,
			);
			runOnlyForDeploymentPostprocessing = 0;
		};
/* End PBXResourcesBuildPhase section */

/* Begin PBXSourcesBuildPhase section */
		6BAF6B91216F2A0C00D3EBD5 /* Sources */ = {
			isa = PBXSourcesBuildPhase;
			buildActionMask = 2147483647;
			files = (
				6BAF6B9B216F2A0C00D3EBD5 /* ViewController.swift in Sources */,
				6BAF6B99216F2A0C00D3EBD5 /* AppDelegate.swift in Sources */,
			);
			runOnlyForDeploymentPostprocessing = 0;
		};
		6BAF6BB4216F2AE300D3EBD5 /* Sources */ = {
			isa = PBXSourcesBuildPhase;
			buildActionMask = 2147483647;
			files = (
				6BAF6BD6216F665F00D3EBD5 /* MeetInterfaceController.swift in Sources */,
				6BAF6BD4216F663D00D3EBD5 /* MeetDetailsInterfaceController.swift in Sources */,
				6BAF6BD2216F374100D3EBD5 /* Meets.swift in Sources */,
				6BAF6BE5217028DA00D3EBD5 /* Constant.swift in Sources */,
				6BAF6BD0216F2FA500D3EBD5 /* MeetsRowController.swift in Sources */,
				6BAF6BE1216F973800D3EBD5 /* Date+Extension.swift in Sources */,
				6BAF6BC0216F2AE300D3EBD5 /* ExtensionDelegate.swift in Sources */,
				6BAF6BDD216F7C1700D3EBD5 /* MeetOptionsInterfaceController.swift in Sources */,
			);
			runOnlyForDeploymentPostprocessing = 0;
		};
/* End PBXSourcesBuildPhase section */

/* Begin PBXTargetDependency section */
		6BAF6BBB216F2AE300D3EBD5 /* PBXTargetDependency */ = {
			isa = PBXTargetDependency;
			target = 6BAF6BB7216F2AE300D3EBD5 /* Meets Extension */;
			targetProxy = 6BAF6BBA216F2AE300D3EBD5 /* PBXContainerItemProxy */;
		};
		6BAF6BC5216F2AE400D3EBD5 /* PBXTargetDependency */ = {
			isa = PBXTargetDependency;
			target = 6BAF6BAB216F2AE200D3EBD5 /* Meets */;
			targetProxy = 6BAF6BC4216F2AE400D3EBD5 /* PBXContainerItemProxy */;
		};
/* End PBXTargetDependency section */

/* Begin PBXVariantGroup section */
		6BAF6B9C216F2A0C00D3EBD5 /* Main.storyboard */ = {
			isa = PBXVariantGroup;
			children = (
				6BAF6B9D216F2A0C00D3EBD5 /* Base */,
			);
			name = Main.storyboard;
			sourceTree = "<group>";
		};
		6BAF6BA1216F2A0E00D3EBD5 /* LaunchScreen.storyboard */ = {
			isa = PBXVariantGroup;
			children = (
				6BAF6BA2216F2A0E00D3EBD5 /* Base */,
			);
			name = LaunchScreen.storyboard;
			sourceTree = "<group>";
		};
		6BAF6BAE216F2AE200D3EBD5 /* Interface.storyboard */ = {
			isa = PBXVariantGroup;
			children = (
				6BAF6BAF216F2AE200D3EBD5 /* Base */,
			);
			name = Interface.storyboard;
			sourceTree = "<group>";
		};
/* End PBXVariantGroup section */

/* Begin XCBuildConfiguration section */
		6BAF6BA5216F2A0E00D3EBD5 /* Debug */ = {
			isa = XCBuildConfiguration;
			buildSettings = {
				ALWAYS_SEARCH_USER_PATHS = NO;
				CLANG_ANALYZER_NONNULL = YES;
				CLANG_ANALYZER_NUMBER_OBJECT_CONVERSION = YES_AGGRESSIVE;
				CLANG_CXX_LANGUAGE_STANDARD = "gnu++14";
				CLANG_CXX_LIBRARY = "libc++";
				CLANG_ENABLE_MODULES = YES;
				CLANG_ENABLE_OBJC_ARC = YES;
				CLANG_ENABLE_OBJC_WEAK = YES;
				CLANG_WARN_BLOCK_CAPTURE_AUTORELEASING = YES;
				CLANG_WARN_BOOL_CONVERSION = YES;
				CLANG_WARN_COMMA = YES;
				CLANG_WARN_CONSTANT_CONVERSION = YES;
				CLANG_WARN_DEPRECATED_OBJC_IMPLEMENTATIONS = YES;
				CLANG_WARN_DIRECT_OBJC_ISA_USAGE = YES_ERROR;
				CLANG_WARN_DOCUMENTATION_COMMENTS = YES;
				CLANG_WARN_EMPTY_BODY = YES;
				CLANG_WARN_ENUM_CONVERSION = YES;
				CLANG_WARN_INFINITE_RECURSION = YES;
				CLANG_WARN_INT_CONVERSION = YES;
				CLANG_WARN_NON_LITERAL_NULL_CONVERSION = YES;
				CLANG_WARN_OBJC_IMPLICIT_RETAIN_SELF = YES;
				CLANG_WARN_OBJC_LITERAL_CONVERSION = YES;
				CLANG_WARN_OBJC_ROOT_CLASS = YES_ERROR;
				CLANG_WARN_RANGE_LOOP_ANALYSIS = YES;
				CLANG_WARN_STRICT_PROTOTYPES = YES;
				CLANG_WARN_SUSPICIOUS_MOVE = YES;
				CLANG_WARN_UNGUARDED_AVAILABILITY = YES_AGGRESSIVE;
				CLANG_WARN_UNREACHABLE_CODE = YES;
				CLANG_WARN__DUPLICATE_METHOD_MATCH = YES;
				CODE_SIGN_IDENTITY = "iPhone Developer";
				COPY_PHASE_STRIP = NO;
				DEBUG_INFORMATION_FORMAT = dwarf;
				ENABLE_STRICT_OBJC_MSGSEND = YES;
				ENABLE_TESTABILITY = YES;
				GCC_C_LANGUAGE_STANDARD = gnu11;
				GCC_DYNAMIC_NO_PIC = NO;
				GCC_NO_COMMON_BLOCKS = YES;
				GCC_OPTIMIZATION_LEVEL = 0;
				GCC_PREPROCESSOR_DEFINITIONS = (
					"DEBUG=1",
					"$(inherited)",
				);
				GCC_WARN_64_TO_32_BIT_CONVERSION = YES;
				GCC_WARN_ABOUT_RETURN_TYPE = YES_ERROR;
				GCC_WARN_UNDECLARED_SELECTOR = YES;
				GCC_WARN_UNINITIALIZED_AUTOS = YES_AGGRESSIVE;
				GCC_WARN_UNUSED_FUNCTION = YES;
				GCC_WARN_UNUSED_VARIABLE = YES;
				IPHONEOS_DEPLOYMENT_TARGET = 12.0;
				MTL_ENABLE_DEBUG_INFO = INCLUDE_SOURCE;
				MTL_FAST_MATH = YES;
				ONLY_ACTIVE_ARCH = YES;
				SDKROOT = iphoneos;
				SWIFT_ACTIVE_COMPILATION_CONDITIONS = DEBUG;
				SWIFT_OPTIMIZATION_LEVEL = "-Onone";
			};
			name = Debug;
		};
		6BAF6BA6216F2A0E00D3EBD5 /* Release */ = {
			isa = XCBuildConfiguration;
			buildSettings = {
				ALWAYS_SEARCH_USER_PATHS = NO;
				CLANG_ANALYZER_NONNULL = YES;
				CLANG_ANALYZER_NUMBER_OBJECT_CONVERSION = YES_AGGRESSIVE;
				CLANG_CXX_LANGUAGE_STANDARD = "gnu++14";
				CLANG_CXX_LIBRARY = "libc++";
				CLANG_ENABLE_MODULES = YES;
				CLANG_ENABLE_OBJC_ARC = YES;
				CLANG_ENABLE_OBJC_WEAK = YES;
				CLANG_WARN_BLOCK_CAPTURE_AUTORELEASING = YES;
				CLANG_WARN_BOOL_CONVERSION = YES;
				CLANG_WARN_COMMA = YES;
				CLANG_WARN_CONSTANT_CONVERSION = YES;
				CLANG_WARN_DEPRECATED_OBJC_IMPLEMENTATIONS = YES;
				CLANG_WARN_DIRECT_OBJC_ISA_USAGE = YES_ERROR;
				CLANG_WARN_DOCUMENTATION_COMMENTS = YES;
				CLANG_WARN_EMPTY_BODY = YES;
				CLANG_WARN_ENUM_CONVERSION = YES;
				CLANG_WARN_INFINITE_RECURSION = YES;
				CLANG_WARN_INT_CONVERSION = YES;
				CLANG_WARN_NON_LITERAL_NULL_CONVERSION = YES;
				CLANG_WARN_OBJC_IMPLICIT_RETAIN_SELF = YES;
				CLANG_WARN_OBJC_LITERAL_CONVERSION = YES;
				CLANG_WARN_OBJC_ROOT_CLASS = YES_ERROR;
				CLANG_WARN_RANGE_LOOP_ANALYSIS = YES;
				CLANG_WARN_STRICT_PROTOTYPES = YES;
				CLANG_WARN_SUSPICIOUS_MOVE = YES;
				CLANG_WARN_UNGUARDED_AVAILABILITY = YES_AGGRESSIVE;
				CLANG_WARN_UNREACHABLE_CODE = YES;
				CLANG_WARN__DUPLICATE_METHOD_MATCH = YES;
				CODE_SIGN_IDENTITY = "iPhone Developer";
				COPY_PHASE_STRIP = NO;
				DEBUG_INFORMATION_FORMAT = "dwarf-with-dsym";
				ENABLE_NS_ASSERTIONS = NO;
				ENABLE_STRICT_OBJC_MSGSEND = YES;
				GCC_C_LANGUAGE_STANDARD = gnu11;
				GCC_NO_COMMON_BLOCKS = YES;
				GCC_WARN_64_TO_32_BIT_CONVERSION = YES;
				GCC_WARN_ABOUT_RETURN_TYPE = YES_ERROR;
				GCC_WARN_UNDECLARED_SELECTOR = YES;
				GCC_WARN_UNINITIALIZED_AUTOS = YES_AGGRESSIVE;
				GCC_WARN_UNUSED_FUNCTION = YES;
				GCC_WARN_UNUSED_VARIABLE = YES;
				IPHONEOS_DEPLOYMENT_TARGET = 12.0;
				MTL_ENABLE_DEBUG_INFO = NO;
				MTL_FAST_MATH = YES;
				SDKROOT = iphoneos;
				SWIFT_COMPILATION_MODE = wholemodule;
				SWIFT_OPTIMIZATION_LEVEL = "-O";
				VALIDATE_PRODUCT = YES;
			};
			name = Release;
		};
		6BAF6BA8216F2A0E00D3EBD5 /* Debug */ = {
			isa = XCBuildConfiguration;
			buildSettings = {
				ASSETCATALOG_COMPILER_APPICON_NAME = AppIcon;
				CODE_SIGN_STYLE = Automatic;
				INFOPLIST_FILE = Everyday/Info.plist;
				LD_RUNPATH_SEARCH_PATHS = (
					"$(inherited)",
					"@executable_path/Frameworks",
				);
				PRODUCT_BUNDLE_IDENTIFIER = com.hemangshah.Everyday;
				PRODUCT_NAME = "$(TARGET_NAME)";
				SWIFT_VERSION = 4.2;
				TARGETED_DEVICE_FAMILY = "1,2";
			};
			name = Debug;
		};
		6BAF6BA9216F2A0E00D3EBD5 /* Release */ = {
			isa = XCBuildConfiguration;
			buildSettings = {
				ASSETCATALOG_COMPILER_APPICON_NAME = AppIcon;
				CODE_SIGN_STYLE = Automatic;
				INFOPLIST_FILE = Everyday/Info.plist;
				LD_RUNPATH_SEARCH_PATHS = (
					"$(inherited)",
					"@executable_path/Frameworks",
				);
				PRODUCT_BUNDLE_IDENTIFIER = com.hemangshah.Everyday;
				PRODUCT_NAME = "$(TARGET_NAME)";
				SWIFT_VERSION = 4.2;
				TARGETED_DEVICE_FAMILY = "1,2";
			};
			name = Release;
		};
		6BAF6BC8216F2AE400D3EBD5 /* Debug */ = {
			isa = XCBuildConfiguration;
			buildSettings = {
				ASSETCATALOG_COMPILER_COMPLICATION_NAME = Complication;
				CODE_SIGN_STYLE = Automatic;
				INFOPLIST_FILE = "Meets Extension/Info.plist";
				LD_RUNPATH_SEARCH_PATHS = (
					"$(inherited)",
					"@executable_path/Frameworks",
					"@executable_path/../../Frameworks",
				);
				PRODUCT_BUNDLE_IDENTIFIER = com.hemangshah.Everyday.watchkitapp.watchkitextension;
				PRODUCT_NAME = "${TARGET_NAME}";
				SDKROOT = watchos;
				SKIP_INSTALL = YES;
				SWIFT_VERSION = 4.2;
				TARGETED_DEVICE_FAMILY = 4;
				WATCHOS_DEPLOYMENT_TARGET = 5.0;
			};
			name = Debug;
		};
		6BAF6BC9216F2AE400D3EBD5 /* Release */ = {
			isa = XCBuildConfiguration;
			buildSettings = {
				ASSETCATALOG_COMPILER_COMPLICATION_NAME = Complication;
				CODE_SIGN_STYLE = Automatic;
				INFOPLIST_FILE = "Meets Extension/Info.plist";
				LD_RUNPATH_SEARCH_PATHS = (
					"$(inherited)",
					"@executable_path/Frameworks",
					"@executable_path/../../Frameworks",
				);
				PRODUCT_BUNDLE_IDENTIFIER = com.hemangshah.Everyday.watchkitapp.watchkitextension;
				PRODUCT_NAME = "${TARGET_NAME}";
				SDKROOT = watchos;
				SKIP_INSTALL = YES;
				SWIFT_VERSION = 4.2;
				TARGETED_DEVICE_FAMILY = 4;
				WATCHOS_DEPLOYMENT_TARGET = 5.0;
			};
			name = Release;
		};
		6BAF6BCC216F2AE400D3EBD5 /* Debug */ = {
			isa = XCBuildConfiguration;
			buildSettings = {
				ALWAYS_EMBED_SWIFT_STANDARD_LIBRARIES = YES;
				ASSETCATALOG_COMPILER_APPICON_NAME = AppIcon;
				CODE_SIGN_STYLE = Automatic;
				IBSC_MODULE = Meets_Extension;
				INFOPLIST_FILE = Meets/Info.plist;
				PRODUCT_BUNDLE_IDENTIFIER = com.hemangshah.Everyday.watchkitapp;
				PRODUCT_NAME = "$(TARGET_NAME)";
				SDKROOT = watchos;
				SKIP_INSTALL = YES;
				SWIFT_VERSION = 4.2;
				TARGETED_DEVICE_FAMILY = 4;
				WATCHOS_DEPLOYMENT_TARGET = 5.0;
			};
			name = Debug;
		};
		6BAF6BCD216F2AE400D3EBD5 /* Release */ = {
			isa = XCBuildConfiguration;
			buildSettings = {
				ALWAYS_EMBED_SWIFT_STANDARD_LIBRARIES = YES;
				ASSETCATALOG_COMPILER_APPICON_NAME = AppIcon;
				CODE_SIGN_STYLE = Automatic;
				IBSC_MODULE = Meets_Extension;
				INFOPLIST_FILE = Meets/Info.plist;
				PRODUCT_BUNDLE_IDENTIFIER = com.hemangshah.Everyday.watchkitapp;
				PRODUCT_NAME = "$(TARGET_NAME)";
				SDKROOT = watchos;
				SKIP_INSTALL = YES;
				SWIFT_VERSION = 4.2;
				TARGETED_DEVICE_FAMILY = 4;
				WATCHOS_DEPLOYMENT_TARGET = 5.0;
			};
			name = Release;
		};
/* End XCBuildConfiguration section */

/* Begin XCConfigurationList section */
		6BAF6B90216F2A0C00D3EBD5 /* Build configuration list for PBXProject "Everyday" */ = {
			isa = XCConfigurationList;
			buildConfigurations = (
				6BAF6BA5216F2A0E00D3EBD5 /* Debug */,
				6BAF6BA6216F2A0E00D3EBD5 /* Release */,
			);
			defaultConfigurationIsVisible = 0;
			defaultConfigurationName = Release;
		};
		6BAF6BA7216F2A0E00D3EBD5 /* Build configuration list for PBXNativeTarget "Everyday" */ = {
			isa = XCConfigurationList;
			buildConfigurations = (
				6BAF6BA8216F2A0E00D3EBD5 /* Debug */,
				6BAF6BA9216F2A0E00D3EBD5 /* Release */,
			);
			defaultConfigurationIsVisible = 0;
			defaultConfigurationName = Release;
		};
		6BAF6BC7216F2AE400D3EBD5 /* Build configuration list for PBXNativeTarget "Meets Extension" */ = {
			isa = XCConfigurationList;
			buildConfigurations = (
				6BAF6BC8216F2AE400D3EBD5 /* Debug */,
				6BAF6BC9216F2AE400D3EBD5 /* Release */,
			);
			defaultConfigurationIsVisible = 0;
			defaultConfigurationName = Release;
		};
		6BAF6BCB216F2AE400D3EBD5 /* Build configuration list for PBXNativeTarget "Meets" */ = {
			isa = XCConfigurationList;
			buildConfigurations = (
				6BAF6BCC216F2AE400D3EBD5 /* Debug */,
				6BAF6BCD216F2AE400D3EBD5 /* Release */,
			);
			defaultConfigurationIsVisible = 0;
			defaultConfigurationName = Release;
		};
/* End XCConfigurationList section */
	};
	rootObject = 6BAF6B8D216F2A0C00D3EBD5 /* Project object */;
}
